// !$*UTF8*$!
{
	archiveVersion = 1;
	classes = {
	};
	objectVersion = 46;
	objects = {

/* Begin PBXBuildFile section */
		2040DA68A192F22F6782126E /* Pods_DengLuYi.framework in Frameworks */ = {isa = PBXBuildFile; fileRef = C8706A9B991A41DFC3305BD0 /* Pods_DengLuYi.framework */; };
		BB1199CE1E7FF8990089B550 /* SWRevealViewController.m in Sources */ = {isa = PBXBuildFile; fileRef = BB1199CD1E7FF8990089B550 /* SWRevealViewController.m */; };
		BB1709221E80C677001F8AA5 /* ETHomeViewController.swift in Sources */ = {isa = PBXBuildFile; fileRef = BB1709211E80C677001F8AA5 /* ETHomeViewController.swift */; };
		BB1709241E80CC2B001F8AA5 /* ETSideBarViewController.swift in Sources */ = {isa = PBXBuildFile; fileRef = BB1709231E80CC2B001F8AA5 /* ETSideBarViewController.swift */; };
		BB1CC59E1E7F7FDE007BA2A0 /* ETUserInfoSetupViewController.swift in Sources */ = {isa = PBXBuildFile; fileRef = BB1CC59D1E7F7FDE007BA2A0 /* ETUserInfoSetupViewController.swift */; };
		BB955FAC1E77856700169112 /* UIColorExtension.swift in Sources */ = {isa = PBXBuildFile; fileRef = BB955FAB1E77856700169112 /* UIColorExtension.swift */; };
		BB955FAE1E778FC000169112 /* DEBUG.swift in Sources */ = {isa = PBXBuildFile; fileRef = BB955FAD1E778FC000169112 /* DEBUG.swift */; };
		BBA05BCB1E76BCAB000DA002 /* AppDelegate.swift in Sources */ = {isa = PBXBuildFile; fileRef = BBA05BCA1E76BCAB000DA002 /* AppDelegate.swift */; };
		BBA05BCD1E76BCAB000DA002 /* ETSignInViewController.swift in Sources */ = {isa = PBXBuildFile; fileRef = BBA05BCC1E76BCAB000DA002 /* ETSignInViewController.swift */; };
		BBA05BD21E76BCAB000DA002 /* Assets.xcassets in Resources */ = {isa = PBXBuildFile; fileRef = BBA05BD11E76BCAB000DA002 /* Assets.xcassets */; };
		BBA05BDD1E76C307000DA002 /* LaunchScreen.storyboard in Resources */ = {isa = PBXBuildFile; fileRef = BBA05BDC1E76C307000DA002 /* LaunchScreen.storyboard */; };
		BBBADED31E7ADC3D008815CD /* ETSignUpViewController.swift in Sources */ = {isa = PBXBuildFile; fileRef = BBBADED21E7ADC3D008815CD /* ETSignUpViewController.swift */; };
		BBBADED51E7ADC9C008815CD /* ETBaseViewController.swift in Sources */ = {isa = PBXBuildFile; fileRef = BBBADED41E7ADC9C008815CD /* ETBaseViewController.swift */; };
		BBC59C161E76C4C500987107 /* bridge.m in Sources */ = {isa = PBXBuildFile; fileRef = BBC59C151E76C4C500987107 /* bridge.m */; };
		BBC59C181E76DC4B00987107 /* ETInputView.swift in Sources */ = {isa = PBXBuildFile; fileRef = BBC59C171E76DC4B00987107 /* ETInputView.swift */; };
/* End PBXBuildFile section */

/* Begin PBXFileReference section */
		6D59D5B5460785275DC0EC7A /* Pods-DengLuYi.release.xcconfig */ = {isa = PBXFileReference; includeInIndex = 1; lastKnownFileType = text.xcconfig; name = "Pods-DengLuYi.release.xcconfig"; path = "Pods/Target Support Files/Pods-DengLuYi/Pods-DengLuYi.release.xcconfig"; sourceTree = "<group>"; };
		B082D7825572779036BBFDF9 /* Pods-DengLuYi.debug.xcconfig */ = {isa = PBXFileReference; includeInIndex = 1; lastKnownFileType = text.xcconfig; name = "Pods-DengLuYi.debug.xcconfig"; path = "Pods/Target Support Files/Pods-DengLuYi/Pods-DengLuYi.debug.xcconfig"; sourceTree = "<group>"; };
		BB1199CC1E7FF8990089B550 /* SWRevealViewController.h */ = {isa = PBXFileReference; fileEncoding = 4; lastKnownFileType = sourcecode.c.h; path = SWRevealViewController.h; sourceTree = "<group>"; };
		BB1199CD1E7FF8990089B550 /* SWRevealViewController.m */ = {isa = PBXFileReference; fileEncoding = 4; lastKnownFileType = sourcecode.c.objc; path = SWRevealViewController.m; sourceTree = "<group>"; };
		BB1709211E80C677001F8AA5 /* ETHomeViewController.swift */ = {isa = PBXFileReference; fileEncoding = 4; lastKnownFileType = sourcecode.swift; path = ETHomeViewController.swift; sourceTree = "<group>"; };
		BB1709231E80CC2B001F8AA5 /* ETSideBarViewController.swift */ = {isa = PBXFileReference; fileEncoding = 4; lastKnownFileType = sourcecode.swift; path = ETSideBarViewController.swift; sourceTree = "<group>"; };
		BB1CC59D1E7F7FDE007BA2A0 /* ETUserInfoSetupViewController.swift */ = {isa = PBXFileReference; fileEncoding = 4; lastKnownFileType = sourcecode.swift; path = ETUserInfoSetupViewController.swift; sourceTree = "<group>"; };
		BB955FAB1E77856700169112 /* UIColorExtension.swift */ = {isa = PBXFileReference; fileEncoding = 4; lastKnownFileType = sourcecode.swift; path = UIColorExtension.swift; sourceTree = "<group>"; };
		BB955FAD1E778FC000169112 /* DEBUG.swift */ = {isa = PBXFileReference; fileEncoding = 4; lastKnownFileType = sourcecode.swift; path = DEBUG.swift; sourceTree = "<group>"; };
		BBA05BC71E76BCAB000DA002 /* DengLuYi.app */ = {isa = PBXFileReference; explicitFileType = wrapper.application; includeInIndex = 0; path = DengLuYi.app; sourceTree = BUILT_PRODUCTS_DIR; };
		BBA05BCA1E76BCAB000DA002 /* AppDelegate.swift */ = {isa = PBXFileReference; lastKnownFileType = sourcecode.swift; path = AppDelegate.swift; sourceTree = "<group>"; };
		BBA05BCC1E76BCAB000DA002 /* ETSignInViewController.swift */ = {isa = PBXFileReference; lastKnownFileType = sourcecode.swift; path = ETSignInViewController.swift; sourceTree = "<group>"; };
		BBA05BD11E76BCAB000DA002 /* Assets.xcassets */ = {isa = PBXFileReference; lastKnownFileType = folder.assetcatalog; path = Assets.xcassets; sourceTree = "<group>"; };
		BBA05BD61E76BCAB000DA002 /* Info.plist */ = {isa = PBXFileReference; lastKnownFileType = text.plist.xml; path = Info.plist; sourceTree = "<group>"; };
		BBA05BDC1E76C307000DA002 /* LaunchScreen.storyboard */ = {isa = PBXFileReference; fileEncoding = 4; lastKnownFileType = file.storyboard; path = LaunchScreen.storyboard; sourceTree = "<group>"; };
		BBBADED21E7ADC3D008815CD /* ETSignUpViewController.swift */ = {isa = PBXFileReference; fileEncoding = 4; lastKnownFileType = sourcecode.swift; path = ETSignUpViewController.swift; sourceTree = "<group>"; };
		BBBADED41E7ADC9C008815CD /* ETBaseViewController.swift */ = {isa = PBXFileReference; fileEncoding = 4; lastKnownFileType = sourcecode.swift; path = ETBaseViewController.swift; sourceTree = "<group>"; };
		BBC59C141E76C4C400987107 /* DengLuYi-Bridging-Header.h */ = {isa = PBXFileReference; lastKnownFileType = sourcecode.c.h; path = "DengLuYi-Bridging-Header.h"; sourceTree = "<group>"; };
		BBC59C151E76C4C500987107 /* bridge.m */ = {isa = PBXFileReference; fileEncoding = 4; lastKnownFileType = sourcecode.c.objc; path = bridge.m; sourceTree = "<group>"; };
		BBC59C171E76DC4B00987107 /* ETInputView.swift */ = {isa = PBXFileReference; fileEncoding = 4; lastKnownFileType = sourcecode.swift; path = ETInputView.swift; sourceTree = "<group>"; };
		C8706A9B991A41DFC3305BD0 /* Pods_DengLuYi.framework */ = {isa = PBXFileReference; explicitFileType = wrapper.framework; includeInIndex = 0; path = Pods_DengLuYi.framework; sourceTree = BUILT_PRODUCTS_DIR; };
/* End PBXFileReference section */

/* Begin PBXFrameworksBuildPhase section */
		BBA05BC41E76BCAB000DA002 /* Frameworks */ = {
			isa = PBXFrameworksBuildPhase;
			buildActionMask = 2147483647;
			files = (
				2040DA68A192F22F6782126E /* Pods_DengLuYi.framework in Frameworks */,
			);
			runOnlyForDeploymentPostprocessing = 0;
		};
/* End PBXFrameworksBuildPhase section */

/* Begin PBXGroup section */
		5A6B0CAABC21F1B53641411B /* Pods */ = {
			isa = PBXGroup;
			children = (
				B082D7825572779036BBFDF9 /* Pods-DengLuYi.debug.xcconfig */,
				6D59D5B5460785275DC0EC7A /* Pods-DengLuYi.release.xcconfig */,
			);
			name = Pods;
			sourceTree = "<group>";
		};
		6620E546C24260F042930386 /* Frameworks */ = {
			isa = PBXGroup;
			children = (
				C8706A9B991A41DFC3305BD0 /* Pods_DengLuYi.framework */,
			);
			name = Frameworks;
			sourceTree = "<group>";
		};
		BB1199CB1E7FF8810089B550 /* SMRevealViewController */ = {
			isa = PBXGroup;
			children = (
				BB1199CC1E7FF8990089B550 /* SWRevealViewController.h */,
				BB1199CD1E7FF8990089B550 /* SWRevealViewController.m */,
			);
			name = SMRevealViewController;
			sourceTree = "<group>";
		};
		BBA05BBE1E76BCAA000DA002 = {
			isa = PBXGroup;
			children = (
				BBA05BC91E76BCAB000DA002 /* DengLuYi */,
				BBA05BC81E76BCAB000DA002 /* Products */,
				5A6B0CAABC21F1B53641411B /* Pods */,
				6620E546C24260F042930386 /* Frameworks */,
			);
			sourceTree = "<group>";
		};
		BBA05BC81E76BCAB000DA002 /* Products */ = {
			isa = PBXGroup;
			children = (
				BBA05BC71E76BCAB000DA002 /* DengLuYi.app */,
			);
			name = Products;
			sourceTree = "<group>";
		};
		BBA05BC91E76BCAB000DA002 /* DengLuYi */ = {
			isa = PBXGroup;
			children = (
				BBC59C131E76C49900987107 /* Models */,
				BBC59C121E76C49200987107 /* Views */,
				BBC59C111E76C48B00987107 /* Controllers */,
				BBC59C101E76C48400987107 /* Helpers */,
				BBC59C0F1E76C47D00987107 /* Others */,
			);
			path = DengLuYi;
			sourceTree = "<group>";
		};
		BBC59C0F1E76C47D00987107 /* Others */ = {
			isa = PBXGroup;
			children = (
				BBA05BCA1E76BCAB000DA002 /* AppDelegate.swift */,
				BBA05BD11E76BCAB000DA002 /* Assets.xcassets */,
				BBA05BD61E76BCAB000DA002 /* Info.plist */,
				BBA05BDC1E76C307000DA002 /* LaunchScreen.storyboard */,
				BBC59C151E76C4C500987107 /* bridge.m */,
				BBC59C141E76C4C400987107 /* DengLuYi-Bridging-Header.h */,
			);
			name = Others;
			sourceTree = "<group>";
		};
		BBC59C101E76C48400987107 /* Helpers */ = {
			isa = PBXGroup;
			children = (
				BB955FAB1E77856700169112 /* UIColorExtension.swift */,
				BB955FAD1E778FC000169112 /* DEBUG.swift */,
			);
			name = Helpers;
			sourceTree = "<group>";
		};
		BBC59C111E76C48B00987107 /* Controllers */ = {
			isa = PBXGroup;
			children = (
				BB1199CB1E7FF8810089B550 /* SMRevealViewController */,
				BBBADED41E7ADC9C008815CD /* ETBaseViewController.swift */,
				BBA05BCC1E76BCAB000DA002 /* ETSignInViewController.swift */,
				BBBADED21E7ADC3D008815CD /* ETSignUpViewController.swift */,
				BB1CC59D1E7F7FDE007BA2A0 /* ETUserInfoSetupViewController.swift */,
				BB1709211E80C677001F8AA5 /* ETHomeViewController.swift */,
				BB1709231E80CC2B001F8AA5 /* ETSideBarViewController.swift */,
			);
			name = Controllers;
			sourceTree = "<group>";
		};
		BBC59C121E76C49200987107 /* Views */ = {
			isa = PBXGroup;
			children = (
				BBC59C171E76DC4B00987107 /* ETInputView.swift */,
			);
			name = Views;
			sourceTree = "<group>";
		};
		BBC59C131E76C49900987107 /* Models */ = {
			isa = PBXGroup;
			children = (
			);
			name = Models;
			sourceTree = "<group>";
		};
/* End PBXGroup section */

/* Begin PBXNativeTarget section */
		BBA05BC61E76BCAB000DA002 /* DengLuYi */ = {
			isa = PBXNativeTarget;
			buildConfigurationList = BBA05BD91E76BCAB000DA002 /* Build configuration list for PBXNativeTarget "DengLuYi" */;
			buildPhases = (
				1339ECFD1EB3C72A76BFD293 /* [CP] Check Pods Manifest.lock */,
				BBA05BC31E76BCAB000DA002 /* Sources */,
				BBA05BC41E76BCAB000DA002 /* Frameworks */,
				BBA05BC51E76BCAB000DA002 /* Resources */,
				39839763075B2257D0C131BB /* [CP] Embed Pods Frameworks */,
				F036A9C59CB3A0F834FE45B0 /* [CP] Copy Pods Resources */,
			);
			buildRules = (
			);
			dependencies = (
			);
			name = DengLuYi;
			productName = DengLuYi;
			productReference = BBA05BC71E76BCAB000DA002 /* DengLuYi.app */;
			productType = "com.apple.product-type.application";
		};
/* End PBXNativeTarget section */

/* Begin PBXProject section */
		BBA05BBF1E76BCAA000DA002 /* Project object */ = {
			isa = PBXProject;
			attributes = {
				CLASSPREFIX = ET;
				LastSwiftUpdateCheck = 0820;
				LastUpgradeCheck = 0820;
				ORGANIZATIONNAME = Egetart;
				TargetAttributes = {
					BBA05BC61E76BCAB000DA002 = {
						CreatedOnToolsVersion = 8.2.1;
						DevelopmentTeam = L225J6UWE9;
						LastSwiftMigration = 0820;
						ProvisioningStyle = Automatic;
					};
				};
			};
			buildConfigurationList = BBA05BC21E76BCAA000DA002 /* Build configuration list for PBXProject "DengLuYi" */;
			compatibilityVersion = "Xcode 3.2";
			developmentRegion = English;
			hasScannedForEncodings = 0;
			knownRegions = (
				en,
				Base,
			);
			mainGroup = BBA05BBE1E76BCAA000DA002;
			productRefGroup = BBA05BC81E76BCAB000DA002 /* Products */;
			projectDirPath = "";
			projectRoot = "";
			targets = (
				BBA05BC61E76BCAB000DA002 /* DengLuYi */,
			);
		};
/* End PBXProject section */

/* Begin PBXResourcesBuildPhase section */
		BBA05BC51E76BCAB000DA002 /* Resources */ = {
			isa = PBXResourcesBuildPhase;
			buildActionMask = 2147483647;
			files = (
				BBA05BD21E76BCAB000DA002 /* Assets.xcassets in Resources */,
				BBA05BDD1E76C307000DA002 /* LaunchScreen.storyboard in Resources */,
			);
			runOnlyForDeploymentPostprocessing = 0;
		};
/* End PBXResourcesBuildPhase section */

/* Begin PBXShellScriptBuildPhase section */
		1339ECFD1EB3C72A76BFD293 /* [CP] Check Pods Manifest.lock */ = {
			isa = PBXShellScriptBuildPhase;
			buildActionMask = 2147483647;
			files = (
			);
			inputPaths = (
			);
			name = "[CP] Check Pods Manifest.lock";
			outputPaths = (
			);
			runOnlyForDeploymentPostprocessing = 0;
			shellPath = /bin/sh;
			shellScript = "diff \"${PODS_ROOT}/../Podfile.lock\" \"${PODS_ROOT}/Manifest.lock\" > /dev/null\nif [ $? != 0 ] ; then\n    # print error to STDERR\n    echo \"error: The sandbox is not in sync with the Podfile.lock. Run 'pod install' or update your CocoaPods installation.\" >&2\n    exit 1\nfi\n";
			showEnvVarsInLog = 0;
		};
		39839763075B2257D0C131BB /* [CP] Embed Pods Frameworks */ = {
			isa = PBXShellScriptBuildPhase;
			buildActionMask = 2147483647;
			files = (
			);
			inputPaths = (
			);
			name = "[CP] Embed Pods Frameworks";
			outputPaths = (
			);
			runOnlyForDeploymentPostprocessing = 0;
			shellPath = /bin/sh;
			shellScript = "\"${SRCROOT}/Pods/Target Support Files/Pods-DengLuYi/Pods-DengLuYi-frameworks.sh\"\n";
			showEnvVarsInLog = 0;
		};
		F036A9C59CB3A0F834FE45B0 /* [CP] Copy Pods Resources */ = {
			isa = PBXShellScriptBuildPhase;
			buildActionMask = 2147483647;
			files = (
			);
			inputPaths = (
			);
			name = "[CP] Copy Pods Resources";
			outputPaths = (
			);
			runOnlyForDeploymentPostprocessing = 0;
			shellPath = /bin/sh;
			shellScript = "\"${SRCROOT}/Pods/Target Support Files/Pods-DengLuYi/Pods-DengLuYi-resources.sh\"\n";
			showEnvVarsInLog = 0;
		};
/* End PBXShellScriptBuildPhase section */

/* Begin PBXSourcesBuildPhase section */
		BBA05BC31E76BCAB000DA002 /* Sources */ = {
			isa = PBXSourcesBuildPhase;
			buildActionMask = 2147483647;
			files = (
				BBBADED51E7ADC9C008815CD /* ETBaseViewController.swift in Sources */,
				BBBADED31E7ADC3D008815CD /* ETSignUpViewController.swift in Sources */,
				BB1709241E80CC2B001F8AA5 /* ETSideBarViewController.swift in Sources */,
				BB1CC59E1E7F7FDE007BA2A0 /* ETUserInfoSetupViewController.swift in Sources */,
				BB1709221E80C677001F8AA5 /* ETHomeViewController.swift in Sources */,
				BBC59C181E76DC4B00987107 /* ETInputView.swift in Sources */,
				BB955FAE1E778FC000169112 /* DEBUG.swift in Sources */,
				BBC59C161E76C4C500987107 /* bridge.m in Sources */,
				BB955FAC1E77856700169112 /* UIColorExtension.swift in Sources */,
				BB1199CE1E7FF8990089B550 /* SWRevealViewController.m in Sources */,
				BBA05BCD1E76BCAB000DA002 /* ETSignInViewController.swift in Sources */,
				BBA05BCB1E76BCAB000DA002 /* AppDelegate.swift in Sources */,
			);
			runOnlyForDeploymentPostprocessing = 0;
		};
/* End PBXSourcesBuildPhase section */

/* Begin XCBuildConfiguration section */
		BBA05BD71E76BCAB000DA002 /* Debug */ = {
			isa = XCBuildConfiguration;
			buildSettings = {
				ALWAYS_SEARCH_USER_PATHS = NO;
				CLANG_ANALYZER_NONNULL = YES;
				CLANG_CXX_LANGUAGE_STANDARD = "gnu++0x";
				CLANG_CXX_LIBRARY = "libc++";
				CLANG_ENABLE_MODULES = YES;
				CLANG_ENABLE_OBJC_ARC = YES;
				CLANG_WARN_BOOL_CONVERSION = YES;
				CLANG_WARN_CONSTANT_CONVERSION = YES;
				CLANG_WARN_DIRECT_OBJC_ISA_USAGE = YES_ERROR;
				CLANG_WARN_DOCUMENTATION_COMMENTS = YES;
				CLANG_WARN_EMPTY_BODY = YES;
				CLANG_WARN_ENUM_CONVERSION = YES;
				CLANG_WARN_INFINITE_RECURSION = YES;
				CLANG_WARN_INT_CONVERSION = YES;
				CLANG_WARN_OBJC_ROOT_CLASS = YES_ERROR;
				CLANG_WARN_SUSPICIOUS_MOVE = YES;
				CLANG_WARN_UNREACHABLE_CODE = YES;
				CLANG_WARN__DUPLICATE_METHOD_MATCH = YES;
				"CODE_SIGN_IDENTITY[sdk=iphoneos*]" = "iPhone Developer";
				COPY_PHASE_STRIP = NO;
				DEBUG_INFORMATION_FORMAT = dwarf;
				ENABLE_STRICT_OBJC_MSGSEND = YES;
				ENABLE_TESTABILITY = YES;
				GCC_C_LANGUAGE_STANDARD = gnu99;
				GCC_DYNAMIC_NO_PIC = NO;
				GCC_NO_COMMON_BLOCKS = YES;
				GCC_OPTIMIZATION_LEVEL = 0;
				GCC_PREPROCESSOR_DEFINITIONS = (
					"DEBUG=1",
					"$(inherited)",
				);
				GCC_WARN_64_TO_32_BIT_CONVERSION = YES;
				GCC_WARN_ABOUT_RETURN_TYPE = YES_ERROR;
				GCC_WARN_UNDECLARED_SELECTOR = YES;
				GCC_WARN_UNINITIALIZED_AUTOS = YES_AGGRESSIVE;
				GCC_WARN_UNUSED_FUNCTION = YES;
				GCC_WARN_UNUSED_VARIABLE = YES;
				IPHONEOS_DEPLOYMENT_TARGET = 10.2;
				MTL_ENABLE_DEBUG_INFO = YES;
				ONLY_ACTIVE_ARCH = YES;
				SDKROOT = iphoneos;
				SWIFT_ACTIVE_COMPILATION_CONDITIONS = DEBUG;
				SWIFT_OPTIMIZATION_LEVEL = "-Onone";
			};
			name = Debug;
		};
		BBA05BD81E76BCAB000DA002 /* Release */ = {
			isa = XCBuildConfiguration;
			buildSettings = {
				ALWAYS_SEARCH_USER_PATHS = NO;
				CLANG_ANALYZER_NONNULL = YES;
				CLANG_CXX_LANGUAGE_STANDARD = "gnu++0x";
				CLANG_CXX_LIBRARY = "libc++";
				CLANG_ENABLE_MODULES = YES;
				CLANG_ENABLE_OBJC_ARC = YES;
				CLANG_WARN_BOOL_CONVERSION = YES;
				CLANG_WARN_CONSTANT_CONVERSION = YES;
				CLANG_WARN_DIRECT_OBJC_ISA_USAGE = YES_ERROR;
				CLANG_WARN_DOCUMENTATION_COMMENTS = YES;
				CLANG_WARN_EMPTY_BODY = YES;
				CLANG_WARN_ENUM_CONVERSION = YES;
				CLANG_WARN_INFINITE_RECURSION = YES;
				CLANG_WARN_INT_CONVERSION = YES;
				CLANG_WARN_OBJC_ROOT_CLASS = YES_ERROR;
				CLANG_WARN_SUSPICIOUS_MOVE = YES;
				CLANG_WARN_UNREACHABLE_CODE = YES;
				CLANG_WARN__DUPLICATE_METHOD_MATCH = YES;
				"CODE_SIGN_IDENTITY[sdk=iphoneos*]" = "iPhone Developer";
				COPY_PHASE_STRIP = NO;
				DEBUG_INFORMATION_FORMAT = "dwarf-with-dsym";
				ENABLE_NS_ASSERTIONS = NO;
				ENABLE_STRICT_OBJC_MSGSEND = YES;
				GCC_C_LANGUAGE_STANDARD = gnu99;
				GCC_NO_COMMON_BLOCKS = YES;
				GCC_WARN_64_TO_32_BIT_CONVERSION = YES;
				GCC_WARN_ABOUT_RETURN_TYPE = YES_ERROR;
				GCC_WARN_UNDECLARED_SELECTOR = YES;
				GCC_WARN_UNINITIALIZED_AUTOS = YES_AGGRESSIVE;
				GCC_WARN_UNUSED_FUNCTION = YES;
				GCC_WARN_UNUSED_VARIABLE = YES;
				IPHONEOS_DEPLOYMENT_TARGET = 10.2;
				MTL_ENABLE_DEBUG_INFO = NO;
				SDKROOT = iphoneos;
				SWIFT_OPTIMIZATION_LEVEL = "-Owholemodule";
				VALIDATE_PRODUCT = YES;
			};
			name = Release;
		};
		BBA05BDA1E76BCAB000DA002 /* Debug */ = {
			isa = XCBuildConfiguration;
			baseConfigurationReference = B082D7825572779036BBFDF9 /* Pods-DengLuYi.debug.xcconfig */;
			buildSettings = {
				ASSETCATALOG_COMPILER_APPICON_NAME = AppIcon;
				CLANG_ENABLE_MODULES = YES;
				DEVELOPMENT_TEAM = L225J6UWE9;
				INFOPLIST_FILE = DengLuYi/Info.plist;
				IPHONEOS_DEPLOYMENT_TARGET = 8.0;
				LD_RUNPATH_SEARCH_PATHS = "$(inherited) @executable_path/Frameworks";
				PRODUCT_BUNDLE_IDENTIFIER = com.egetart.DengLuYi;
				PRODUCT_NAME = "$(TARGET_NAME)";
				SWIFT_OBJC_BRIDGING_HEADER = "DengLuYi/DengLuYi-Bridging-Header.h";
				SWIFT_OPTIMIZATION_LEVEL = "-Onone";
				SWIFT_VERSION = 3.0;
			};
			name = Debug;
		};
		BBA05BDB1E76BCAB000DA002 /* Release */ = {
			isa = XCBuildConfiguration;
			baseConfigurationReference = 6D59D5B5460785275DC0EC7A /* Pods-DengLuYi.release.xcconfig */;
			buildSettings = {
				ASSETCATALOG_COMPILER_APPICON_NAME = AppIcon;
				CLANG_ENABLE_MODULES = YES;
				DEVELOPMENT_TEAM = L225J6UWE9;
				INFOPLIST_FILE = DengLuYi/Info.plist;
				IPHONEOS_DEPLOYMENT_TARGET = 8.0;
				LD_RUNPATH_SEARCH_PATHS = "$(inherited) @executable_path/Frameworks";
				PRODUCT_BUNDLE_IDENTIFIER = com.egetart.DengLuYi;
				PRODUCT_NAME = "$(TARGET_NAME)";
				SWIFT_OBJC_BRIDGING_HEADER = "DengLuYi/DengLuYi-Bridging-Header.h";
				SWIFT_VERSION = 3.0;
			};
			name = Release;
		};
/* End XCBuildConfiguration section */

/* Begin XCConfigurationList section */
		BBA05BC21E76BCAA000DA002 /* Build configuration list for PBXProject "DengLuYi" */ = {
			isa = XCConfigurationList;
			buildConfigurations = (
				BBA05BD71E76BCAB000DA002 /* Debug */,
				BBA05BD81E76BCAB000DA002 /* Release */,
			);
			defaultConfigurationIsVisible = 0;
			defaultConfigurationName = Release;
		};
		BBA05BD91E76BCAB000DA002 /* Build configuration list for PBXNativeTarget "DengLuYi" */ = {
			isa = XCConfigurationList;
			buildConfigurations = (
				BBA05BDA1E76BCAB000DA002 /* Debug */,
				BBA05BDB1E76BCAB000DA002 /* Release */,
			);
			defaultConfigurationIsVisible = 0;
			defaultConfigurationName = Release;
		};
/* End XCConfigurationList section */
	};
	rootObject = BBA05BBF1E76BCAA000DA002 /* Project object */;
}
